{
  "name": "server",
  "version": "1.0.0",
  "lockfileVersion": 2,
  "requires": true,
  "packages": {
    "": {
      "name": "server",
      "version": "1.0.0",
      "license": "ISC",
      "dependencies": {
        "gql-st": "file:../internals/gql-st"
      }
    },
    "../internals/gql-st": {
      "version": "1.0.0",
      "license": "ISC",
      "dependencies": {
        "graphql-s2s": "^0.22.0"
      }
    },
    "node_modules/gql-st": {
      "resolved": "../internals/gql-st",
      "link": true
    }
  },
  "dependencies": {
    "gql-st": {
      "version": "file:../internals/gql-st",
      "requires": {
        "graphql-s2s": "^0.22.0"
      }
    }
  }
}
